
Microsoft Visual Studio Solution File, Format Version 12.00
# Blend for Visual Studio Version 17
VisualStudioVersion = 17.5.33516.290
MinimumVisualStudioVersion = 10.0.40219.1
Project("{F184B08F-C81C-45F6-A57F-5ABD9991F28F}") = "SOMS", "SOMS\SOMS.vbproj", "{4560266C-D129-4CA9-80FC-BDB78A9CADD1}"
EndProject
Global
	GlobalSection(SolutionConfigurationPlatforms) = preSolution
		Debug|Any CPU = Debug|Any CPU
		Release|Any CPU = Release|Any CPU
	EndGlobalSection
	GlobalSection(ProjectConfigurationPlatforms) = postSolution
		{4560266C-D129-4CA9-80FC-BDB78A9CADD1}.Debug|Any CPU.ActiveCfg = Debug|Any CPU
		{4560266C-D129-4CA9-80FC-BDB78A9CADD1}.Debug|Any CPU.Build.0 = Debug|Any CPU
		{4560266C-D129-4CA9-80FC-BDB78A9CADD1}.Release|Any CPU.ActiveCfg = Release|Any CPU
		{4560266C-D129-4CA9-80FC-BDB78A9CADD1}.Release|Any CPU.Build.0 = Release|Any CPU
	EndGlobalSection
	GlobalSection(SolutionProperties) = preSolution
		HideSolutionNode = FALSE
	EndGlobalSection
	GlobalSection(ExtensibilityGlobals) = postSolution
		SolutionGuid = {F900C011-D0C2-4CC1-AE6D-C3EABAFC1841}
	EndGlobalSection
EndGlobal
